// !$*UTF8*$!
{
	archiveVersion = 1;
	classes = {
	};
	objectVersion = 56;
	objects = {

/* Begin PBXBuildFile section */
		0685C2172A94E85600E396C9 /* WebRTCFrameworkTestApp.swift in Sources */ = {isa = PBXBuildFile; fileRef = 0685C2162A94E85600E396C9 /* WebRTCFrameworkTestApp.swift */; };
		0685C2192A94E85600E396C9 /* ContentView.swift in Sources */ = {isa = PBXBuildFile; fileRef = 0685C2182A94E85600E396C9 /* ContentView.swift */; };
		0685C21B2A94E85700E396C9 /* Assets.xcassets in Resources */ = {isa = PBXBuildFile; fileRef = 0685C21A2A94E85700E396C9 /* Assets.xcassets */; };
		0685C21E2A94E85700E396C9 /* Preview Assets.xcassets in Resources */ = {isa = PBXBuildFile; fileRef = 0685C21D2A94E85700E396C9 /* Preview Assets.xcassets */; };
		0685C2262A94E9DA00E396C9 /* WebRTC.xcframework in Frameworks */ = {isa = PBXBuildFile; fileRef = 0685C2252A94E9DA00E396C9 /* WebRTC.xcframework */; };
		0685C2272A94E9DA00E396C9 /* WebRTC.xcframework in Embed Frameworks */ = {isa = PBXBuildFile; fileRef = 0685C2252A94E9DA00E396C9 /* WebRTC.xcframework */; settings = {ATTRIBUTES = (CodeSignOnCopy, RemoveHeadersOnCopy, ); }; };
		0685C22D2A94EA6C00E396C9 /* WebSocket.swift in Sources */ = {isa = PBXBuildFile; fileRef = 0685C22C2A94EA6C00E396C9 /* WebSocket.swift */; };
		0685C2392A94F28000E396C9 /* WebRTC in Resources */ = {isa = PBXBuildFile; fileRef = 0685C2382A94F28000E396C9 /* WebRTC */; };
/* End PBXBuildFile section */

/* Begin PBXCopyFilesBuildPhase section */
		0685C2282A94E9DA00E396C9 /* Embed Frameworks */ = {
			isa = PBXCopyFilesBuildPhase;
			buildActionMask = 2147483647;
			dstPath = "";
			dstSubfolderSpec = 10;
			files = (
				0685C2272A94E9DA00E396C9 /* WebRTC.xcframework in Embed Frameworks */,
			);
			name = "Embed Frameworks";
			runOnlyForDeploymentPostprocessing = 0;
		};
/* End PBXCopyFilesBuildPhase section */

/* Begin PBXFileReference section */
		0685C2132A94E85600E396C9 /* WebRTCFrameworkTest.app */ = {isa = PBXFileReference; explicitFileType = wrapper.application; includeInIndex = 0; path = WebRTCFrameworkTest.app; sourceTree = BUILT_PRODUCTS_DIR; };
		0685C2162A94E85600E396C9 /* WebRTCFrameworkTestApp.swift */ = {isa = PBXFileReference; lastKnownFileType = sourcecode.swift; path = WebRTCFrameworkTestApp.swift; sourceTree = "<group>"; };
		0685C2182A94E85600E396C9 /* ContentView.swift */ = {isa = PBXFileReference; lastKnownFileType = sourcecode.swift; path = ContentView.swift; sourceTree = "<group>"; };
		0685C21A2A94E85700E396C9 /* Assets.xcassets */ = {isa = PBXFileReference; lastKnownFileType = folder.assetcatalog; path = Assets.xcassets; sourceTree = "<group>"; };
		0685C21D2A94E85700E396C9 /* Preview Assets.xcassets */ = {isa = PBXFileReference; lastKnownFileType = folder.assetcatalog; path = "Preview Assets.xcassets"; sourceTree = "<group>"; };
		0685C2252A94E9DA00E396C9 /* WebRTC.xcframework */ = {isa = PBXFileReference; lastKnownFileType = wrapper.xcframework; path = WebRTC.xcframework; sourceTree = "<group>"; };
		0685C22C2A94EA6C00E396C9 /* WebSocket.swift */ = {isa = PBXFileReference; lastKnownFileType = sourcecode.swift; path = WebSocket.swift; sourceTree = "<group>"; };
		0685C2382A94F28000E396C9 /* WebRTC */ = {isa = PBXFileReference; lastKnownFileType = folder; path = WebRTC; sourceTree = "<group>"; };
/* End PBXFileReference section */

/* Begin PBXFrameworksBuildPhase section */
		0685C2102A94E85600E396C9 /* Frameworks */ = {
			isa = PBXFrameworksBuildPhase;
			buildActionMask = 2147483647;
			files = (
				0685C2262A94E9DA00E396C9 /* WebRTC.xcframework in Frameworks */,
			);
			runOnlyForDeploymentPostprocessing = 0;
		};
/* End PBXFrameworksBuildPhase section */

/* Begin PBXGroup section */
		0685C20A2A94E85600E396C9 = {
			isa = PBXGroup;
			children = (
				0685C2152A94E85600E396C9 /* WebRTCFrameworkTest */,
				0685C2142A94E85600E396C9 /* Products */,
				0685C2242A94E9DA00E396C9 /* Frameworks */,
			);
			sourceTree = "<group>";
		};
		0685C2142A94E85600E396C9 /* Products */ = {
			isa = PBXGroup;
			children = (
				0685C2132A94E85600E396C9 /* WebRTCFrameworkTest.app */,
			);
			name = Products;
			sourceTree = "<group>";
		};
		0685C2152A94E85600E396C9 /* WebRTCFrameworkTest */ = {
			isa = PBXGroup;
			children = (
				0685C2162A94E85600E396C9 /* WebRTCFrameworkTestApp.swift */,
				0685C2182A94E85600E396C9 /* ContentView.swift */,
				0685C2382A94F28000E396C9 /* WebRTC */,
				0685C2362A94EB3D00E396C9 /* WebSocket */,
				0685C21A2A94E85700E396C9 /* Assets.xcassets */,
				0685C21C2A94E85700E396C9 /* Preview Content */,
			);
			path = WebRTCFrameworkTest;
			sourceTree = "<group>";
		};
		0685C21C2A94E85700E396C9 /* Preview Content */ = {
			isa = PBXGroup;
			children = (
				0685C21D2A94E85700E396C9 /* Preview Assets.xcassets */,
			);
			path = "Preview Content";
			sourceTree = "<group>";
		};
		0685C2242A94E9DA00E396C9 /* Frameworks */ = {
			isa = PBXGroup;
			children = (
				0685C2252A94E9DA00E396C9 /* WebRTC.xcframework */,
			);
			name = Frameworks;
			sourceTree = "<group>";
		};
		0685C2362A94EB3D00E396C9 /* WebSocket */ = {
			isa = PBXGroup;
			children = (
				0685C22C2A94EA6C00E396C9 /* WebSocket.swift */,
			);
			path = WebSocket;
			sourceTree = "<group>";
		};
/* End PBXGroup section */

/* Begin PBXNativeTarget section */
		0685C2122A94E85600E396C9 /* WebRTCFrameworkTest */ = {
			isa = PBXNativeTarget;
			buildConfigurationList = 0685C2212A94E85700E396C9 /* Build configuration list for PBXNativeTarget "WebRTCFrameworkTest" */;
			buildPhases = (
				0685C20F2A94E85600E396C9 /* Sources */,
				0685C2102A94E85600E396C9 /* Frameworks */,
				0685C2112A94E85600E396C9 /* Resources */,
				0685C2282A94E9DA00E396C9 /* Embed Frameworks */,
			);
			buildRules = (
			);
			dependencies = (
			);
			name = WebRTCFrameworkTest;
			productName = WebRTCFrameworkTest;
			productReference = 0685C2132A94E85600E396C9 /* WebRTCFrameworkTest.app */;
			productType = "com.apple.product-type.application";
		};
/* End PBXNativeTarget section */

/* Begin PBXProject section */
		0685C20B2A94E85600E396C9 /* Project object */ = {
			isa = PBXProject;
			attributes = {
				BuildIndependentTargetsInParallel = 1;
				LastSwiftUpdateCheck = 1430;
				LastUpgradeCheck = 1430;
				TargetAttributes = {
					0685C2122A94E85600E396C9 = {
						CreatedOnToolsVersion = 14.3.1;
					};
				};
			};
			buildConfigurationList = 0685C20E2A94E85600E396C9 /* Build configuration list for PBXProject "WebRTCFrameworkTest" */;
			compatibilityVersion = "Xcode 14.0";
			developmentRegion = en;
			hasScannedForEncodings = 0;
			knownRegions = (
				en,
				Base,
			);
			mainGroup = 0685C20A2A94E85600E396C9;
			productRefGroup = 0685C2142A94E85600E396C9 /* Products */;
			projectDirPath = "";
			projectRoot = "";
			targets = (
				0685C2122A94E85600E396C9 /* WebRTCFrameworkTest */,
			);
		};
/* End PBXProject section */

/* Begin PBXResourcesBuildPhase section */
		0685C2112A94E85600E396C9 /* Resources */ = {
			isa = PBXResourcesBuildPhase;
			buildActionMask = 2147483647;
			files = (
				0685C21E2A94E85700E396C9 /* Preview Assets.xcassets in Resources */,
				0685C2392A94F28000E396C9 /* WebRTC in Resources */,
				0685C21B2A94E85700E396C9 /* Assets.xcassets in Resources */,
			);
			runOnlyForDeploymentPostprocessing = 0;
		};
/* End PBXResourcesBuildPhase section */

/* Begin PBXSourcesBuildPhase section */
		0685C20F2A94E85600E396C9 /* Sources */ = {
			isa = PBXSourcesBuildPhase;
			buildActionMask = 2147483647;
			files = (
				0685C22D2A94EA6C00E396C9 /* WebSocket.swift in Sources */,
				0685C2192A94E85600E396C9 /* ContentView.swift in Sources */,
				0685C2172A94E85600E396C9 /* WebRTCFrameworkTestApp.swift in Sources */,
			);
			runOnlyForDeploymentPostprocessing = 0;
		};
/* End PBXSourcesBuildPhase section */

/* Begin XCBuildConfiguration section */
		0685C21F2A94E85700E396C9 /* Debug */ = {
			isa = XCBuildConfiguration;
			buildSettings = {
				ALWAYS_SEARCH_USER_PATHS = NO;
				CLANG_ANALYZER_NONNULL = YES;
				CLANG_ANALYZER_NUMBER_OBJECT_CONVERSION = YES_AGGRESSIVE;
				CLANG_CXX_LANGUAGE_STANDARD = "gnu++20";
				CLANG_ENABLE_MODULES = YES;
				CLANG_ENABLE_OBJC_ARC = YES;
				CLANG_ENABLE_OBJC_WEAK = YES;
				CLANG_WARN_BLOCK_CAPTURE_AUTORELEASING = YES;
				CLANG_WARN_BOOL_CONVERSION = YES;
				CLANG_WARN_COMMA = YES;
				CLANG_WARN_CONSTANT_CONVERSION = YES;
				CLANG_WARN_DEPRECATED_OBJC_IMPLEMENTATIONS = YES;
				CLANG_WARN_DIRECT_OBJC_ISA_USAGE = YES_ERROR;
				CLANG_WARN_DOCUMENTATION_COMMENTS = YES;
				CLANG_WARN_EMPTY_BODY = YES;
				CLANG_WARN_ENUM_CONVERSION = YES;
				CLANG_WARN_INFINITE_RECURSION = YES;
				CLANG_WARN_INT_CONVERSION = YES;
				CLANG_WARN_NON_LITERAL_NULL_CONVERSION = YES;
				CLANG_WARN_OBJC_IMPLICIT_RETAIN_SELF = YES;
				CLANG_WARN_OBJC_LITERAL_CONVERSION = YES;
				CLANG_WARN_OBJC_ROOT_CLASS = YES_ERROR;
				CLANG_WARN_QUOTED_INCLUDE_IN_FRAMEWORK_HEADER = YES;
				CLANG_WARN_RANGE_LOOP_ANALYSIS = YES;
				CLANG_WARN_STRICT_PROTOTYPES = YES;
				CLANG_WARN_SUSPICIOUS_MOVE = YES;
				CLANG_WARN_UNGUARDED_AVAILABILITY = YES_AGGRESSIVE;
				CLANG_WARN_UNREACHABLE_CODE = YES;
				CLANG_WARN__DUPLICATE_METHOD_MATCH = YES;
				COPY_PHASE_STRIP = NO;
				DEBUG_INFORMATION_FORMAT = dwarf;
				ENABLE_STRICT_OBJC_MSGSEND = YES;
				ENABLE_TESTABILITY = YES;
				GCC_C_LANGUAGE_STANDARD = gnu11;
				GCC_DYNAMIC_NO_PIC = NO;
				GCC_NO_COMMON_BLOCKS = YES;
				GCC_OPTIMIZATION_LEVEL = 0;
				GCC_PREPROCESSOR_DEFINITIONS = (
					"DEBUG=1",
					"$(inherited)",
				);
				GCC_WARN_64_TO_32_BIT_CONVERSION = YES;
				GCC_WARN_ABOUT_RETURN_TYPE = YES_ERROR;
				GCC_WARN_UNDECLARED_SELECTOR = YES;
				GCC_WARN_UNINITIALIZED_AUTOS = YES_AGGRESSIVE;
				GCC_WARN_UNUSED_FUNCTION = YES;
				GCC_WARN_UNUSED_VARIABLE = YES;
				IPHONEOS_DEPLOYMENT_TARGET = 16.4;
				MTL_ENABLE_DEBUG_INFO = INCLUDE_SOURCE;
				MTL_FAST_MATH = YES;
				ONLY_ACTIVE_ARCH = YES;
				SDKROOT = iphoneos;
				SWIFT_ACTIVE_COMPILATION_CONDITIONS = DEBUG;
				SWIFT_OPTIMIZATION_LEVEL = "-Onone";
			};
			name = Debug;
		};
		0685C2202A94E85700E396C9 /* Release */ = {
			isa = XCBuildConfiguration;
			buildSettings = {
				ALWAYS_SEARCH_USER_PATHS = NO;
				CLANG_ANALYZER_NONNULL = YES;
				CLANG_ANALYZER_NUMBER_OBJECT_CONVERSION = YES_AGGRESSIVE;
				CLANG_CXX_LANGUAGE_STANDARD = "gnu++20";
				CLANG_ENABLE_MODULES = YES;
				CLANG_ENABLE_OBJC_ARC = YES;
				CLANG_ENABLE_OBJC_WEAK = YES;
				CLANG_WARN_BLOCK_CAPTURE_AUTORELEASING = YES;
				CLANG_WARN_BOOL_CONVERSION = YES;
				CLANG_WARN_COMMA = YES;
				CLANG_WARN_CONSTANT_CONVERSION = YES;
				CLANG_WARN_DEPRECATED_OBJC_IMPLEMENTATIONS = YES;
				CLANG_WARN_DIRECT_OBJC_ISA_USAGE = YES_ERROR;
				CLANG_WARN_DOCUMENTATION_COMMENTS = YES;
				CLANG_WARN_EMPTY_BODY = YES;
				CLANG_WARN_ENUM_CONVERSION = YES;
				CLANG_WARN_INFINITE_RECURSION = YES;
				CLANG_WARN_INT_CONVERSION = YES;
				CLANG_WARN_NON_LITERAL_NULL_CONVERSION = YES;
				CLANG_WARN_OBJC_IMPLICIT_RETAIN_SELF = YES;
				CLANG_WARN_OBJC_LITERAL_CONVERSION = YES;
				CLANG_WARN_OBJC_ROOT_CLASS = YES_ERROR;
				CLANG_WARN_QUOTED_INCLUDE_IN_FRAMEWORK_HEADER = YES;
				CLANG_WARN_RANGE_LOOP_ANALYSIS = YES;
				CLANG_WARN_STRICT_PROTOTYPES = YES;
				CLANG_WARN_SUSPICIOUS_MOVE = YES;
				CLANG_WARN_UNGUARDED_AVAILABILITY = YES_AGGRESSIVE;
				CLANG_WARN_UNREACHABLE_CODE = YES;
				CLANG_WARN__DUPLICATE_METHOD_MATCH = YES;
				COPY_PHASE_STRIP = NO;
				DEBUG_INFORMATION_FORMAT = "dwarf-with-dsym";
				ENABLE_NS_ASSERTIONS = NO;
				ENABLE_STRICT_OBJC_MSGSEND = YES;
				GCC_C_LANGUAGE_STANDARD = gnu11;
				GCC_NO_COMMON_BLOCKS = YES;
				GCC_WARN_64_TO_32_BIT_CONVERSION = YES;
				GCC_WARN_ABOUT_RETURN_TYPE = YES_ERROR;
				GCC_WARN_UNDECLARED_SELECTOR = YES;
				GCC_WARN_UNINITIALIZED_AUTOS = YES_AGGRESSIVE;
				GCC_WARN_UNUSED_FUNCTION = YES;
				GCC_WARN_UNUSED_VARIABLE = YES;
				IPHONEOS_DEPLOYMENT_TARGET = 16.4;
				MTL_ENABLE_DEBUG_INFO = NO;
				MTL_FAST_MATH = YES;
				SDKROOT = iphoneos;
				SWIFT_COMPILATION_MODE = wholemodule;
				SWIFT_OPTIMIZATION_LEVEL = "-O";
				VALIDATE_PRODUCT = YES;
			};
			name = Release;
		};
		0685C2222A94E85700E396C9 /* Debug */ = {
			isa = XCBuildConfiguration;
			buildSettings = {
				ASSETCATALOG_COMPILER_APPICON_NAME = AppIcon;
				ASSETCATALOG_COMPILER_GLOBAL_ACCENT_COLOR_NAME = AccentColor;
				CODE_SIGN_STYLE = Automatic;
				CURRENT_PROJECT_VERSION = 1;
				DEVELOPMENT_ASSET_PATHS = "\"WebRTCFrameworkTest/Preview Content\"";
				DEVELOPMENT_TEAM = UZ5KQC5H9Z;
				ENABLE_PREVIEWS = YES;
				GENERATE_INFOPLIST_FILE = YES;
				INFOPLIST_KEY_UIApplicationSceneManifest_Generation = YES;
				INFOPLIST_KEY_UIApplicationSupportsIndirectInputEvents = YES;
				INFOPLIST_KEY_UILaunchScreen_Generation = YES;
				INFOPLIST_KEY_UISupportedInterfaceOrientations_iPad = "UIInterfaceOrientationPortrait UIInterfaceOrientationPortraitUpsideDown UIInterfaceOrientationLandscapeLeft UIInterfaceOrientationLandscapeRight";
				INFOPLIST_KEY_UISupportedInterfaceOrientations_iPhone = "UIInterfaceOrientationPortrait UIInterfaceOrientationLandscapeLeft UIInterfaceOrientationLandscapeRight";
				LD_RUNPATH_SEARCH_PATHS = (
					"$(inherited)",
					"@executable_path/Frameworks",
				);
				MARKETING_VERSION = 1.0;
				PRODUCT_BUNDLE_IDENTIFIER = "golubenkovvs-gmail.com.WebRTCFrameworkTest";
				PRODUCT_NAME = "$(TARGET_NAME)";
				SWIFT_EMIT_LOC_STRINGS = YES;
				SWIFT_VERSION = 5.0;
				TARGETED_DEVICE_FAMILY = "1,2";
			};
			name = Debug;
		};
		0685C2232A94E85700E396C9 /* Release */ = {
			isa = XCBuildConfiguration;
			buildSettings = {
				ASSETCATALOG_COMPILER_APPICON_NAME = AppIcon;
				ASSETCATALOG_COMPILER_GLOBAL_ACCENT_COLOR_NAME = AccentColor;
				CODE_SIGN_STYLE = Automatic;
				CURRENT_PROJECT_VERSION = 1;
				DEVELOPMENT_ASSET_PATHS = "\"WebRTCFrameworkTest/Preview Content\"";
				DEVELOPMENT_TEAM = UZ5KQC5H9Z;
				ENABLE_PREVIEWS = YES;
				GENERATE_INFOPLIST_FILE = YES;
				INFOPLIST_KEY_UIApplicationSceneManifest_Generation = YES;
				INFOPLIST_KEY_UIApplicationSupportsIndirectInputEvents = YES;
				INFOPLIST_KEY_UILaunchScreen_Generation = YES;
				INFOPLIST_KEY_UISupportedInterfaceOrientations_iPad = "UIInterfaceOrientationPortrait UIInterfaceOrientationPortraitUpsideDown UIInterfaceOrientationLandscapeLeft UIInterfaceOrientationLandscapeRight";
				INFOPLIST_KEY_UISupportedInterfaceOrientations_iPhone = "UIInterfaceOrientationPortrait UIInterfaceOrientationLandscapeLeft UIInterfaceOrientationLandscapeRight";
				LD_RUNPATH_SEARCH_PATHS = (
					"$(inherited)",
					"@executable_path/Frameworks",
				);
				MARKETING_VERSION = 1.0;
				PRODUCT_BUNDLE_IDENTIFIER = "golubenkovvs-gmail.com.WebRTCFrameworkTest";
				PRODUCT_NAME = "$(TARGET_NAME)";
				SWIFT_EMIT_LOC_STRINGS = YES;
				SWIFT_VERSION = 5.0;
				TARGETED_DEVICE_FAMILY = "1,2";
			};
			name = Release;
		};
/* End XCBuildConfiguration section */

/* Begin XCConfigurationList section */
		0685C20E2A94E85600E396C9 /* Build configuration list for PBXProject "WebRTCFrameworkTest" */ = {
			isa = XCConfigurationList;
			buildConfigurations = (
				0685C21F2A94E85700E396C9 /* Debug */,
				0685C2202A94E85700E396C9 /* Release */,
			);
			defaultConfigurationIsVisible = 0;
			defaultConfigurationName = Release;
		};
		0685C2212A94E85700E396C9 /* Build configuration list for PBXNativeTarget "WebRTCFrameworkTest" */ = {
			isa = XCConfigurationList;
			buildConfigurations = (
				0685C2222A94E85700E396C9 /* Debug */,
				0685C2232A94E85700E396C9 /* Release */,
			);
			defaultConfigurationIsVisible = 0;
			defaultConfigurationName = Release;
		};
/* End XCConfigurationList section */
	};
	rootObject = 0685C20B2A94E85600E396C9 /* Project object */;
}
